
Microsoft Visual Studio Solution File, Format Version 12.00
# Visual Studio Version 16
VisualStudioVersion = 16.0.29123.88
MinimumVisualStudioVersion = 10.0.40219.1
Project("{FAE04EC0-301F-11D3-BF4B-00C04F79EFBC}") = "Midterms.Act1.ClarissaJoyFlores.Windows", "Midterms.Act1.ClarissaJoyFlores.Windows.csproj", "{2EFB6F6B-5F63-4CF1-A5D6-1E38B86C393F}"
EndProject
Global
	GlobalSection(SolutionConfigurationPlatforms) = preSolution
		Debug|Any CPU = Debug|Any CPU
		Release|Any CPU = Release|Any CPU
	EndGlobalSection
	GlobalSection(ProjectConfigurationPlatforms) = postSolution
		{2EFB6F6B-5F63-4CF1-A5D6-1E38B86C393F}.Debug|Any CPU.ActiveCfg = Debug|Any CPU
		{2EFB6F6B-5F63-4CF1-A5D6-1E38B86C393F}.Debug|Any CPU.Build.0 = Debug|Any CPU
		{2EFB6F6B-5F63-4CF1-A5D6-1E38B86C393F}.Release|Any CPU.ActiveCfg = Release|Any CPU
		{2EFB6F6B-5F63-4CF1-A5D6-1E38B86C393F}.Release|Any CPU.Build.0 = Release|Any CPU
	EndGlobalSection
	GlobalSection(SolutionProperties) = preSolution
		HideSolutionNode = FALSE
	EndGlobalSection
	GlobalSection(ExtensibilityGlobals) = postSolution
		SolutionGuid = {D790CB7D-D1BD-4589-9617-D1AE12E0DA3E}
	EndGlobalSection
EndGlobal
